{
  "name": "jev-router",
  "version": "0.3.0",
  "lockfileVersion": 3,
  "requires": true,
  "packages": {
    "": {
      "name": "jev-router",
      "version": "0.3.0",
      "license": "MIT",
      "dependencies": {
        "@typesafe-ai/sdk": "^0.6.0"
      },
      "bin": {
        "jev": "bin/jev.mjs",
        "jev-a": "bin/jev-anti.mjs",
        "jev-agy": "bin/jev-anti.mjs",
        "jev-anti": "bin/jev-anti.mjs",
        "jev-antigravity": "bin/jev-anti.mjs",
        "jev-claude": "bin/jev-claude.mjs",
        "jev-codex": "bin/jev-codex.mjs",
        "jev-explain": "bin/jev-explain.mjs",
        "jev-maintain": "bin/jev-maintain.mjs"
      },
      "engines": {
        "node": ">=20.12"
      }
    },
    "node_modules/@typesafe-ai/sdk": {
      "version": "0.6.0",
      "resolved": "https://registry.npmjs.org/@typesafe-ai/sdk/-/sdk-0.6.0.tgz",
      "integrity": "sha512-IddX+Q0XM+VagOUZFeP7wZjaO4SHMdvnh2zEBdrZZnXedWI3BNK1lKhMx3ayrkFWvVLbVcUHJy6AVZlY+e6Jaw==",
      "license": "MIT",
      "engines": {
        "node": ">=20"
      }
    }
  }
}
